// !$*UTF8*$!
{
	archiveVersion = 1;
	classes = {
	};
	objectVersion = 46;
	objects = {

/* Begin PBXBuildFile section */
		31637D621D858C260001F9BD /* AppDelegate.swift in Sources */ = {isa = PBXBuildFile; fileRef = 31637D611D858C260001F9BD /* AppDelegate.swift */; };
		31637D641D858C260001F9BD /* ViewController.swift in Sources */ = {isa = PBXBuildFile; fileRef = 31637D631D858C260001F9BD /* ViewController.swift */; };
		31637D671D858C260001F9BD /* Main.storyboard in Resources */ = {isa = PBXBuildFile; fileRef = 31637D651D858C260001F9BD /* Main.storyboard */; };
		31637D691D858C260001F9BD /* Assets.xcassets in Resources */ = {isa = PBXBuildFile; fileRef = 31637D681D858C260001F9BD /* Assets.xcassets */; };
		31637D6C1D858C260001F9BD /* LaunchScreen.storyboard in Resources */ = {isa = PBXBuildFile; fileRef = 31637D6A1D858C260001F9BD /* LaunchScreen.storyboard */; };
		31637D771D858C260001F9BD /* otoprotTests.swift in Sources */ = {isa = PBXBuildFile; fileRef = 31637D761D858C260001F9BD /* otoprotTests.swift */; };
/* End PBXBuildFile section */

/* Begin PBXContainerItemProxy section */
		31637D731D858C260001F9BD /* PBXContainerItemProxy */ = {
			isa = PBXContainerItemProxy;
			containerPortal = 31637D561D858C260001F9BD /* Project object */;
			proxyType = 1;
			remoteGlobalIDString = 31637D5D1D858C260001F9BD;
			remoteInfo = otoprot;
		};
/* End PBXContainerItemProxy section */

/* Begin PBXFileReference section */
		31637D5E1D858C260001F9BD /* otoprot.app */ = {isa = PBXFileReference; explicitFileType = wrapper.application; includeInIndex = 0; path = otoprot.app; sourceTree = BUILT_PRODUCTS_DIR; };
		31637D611D858C260001F9BD /* AppDelegate.swift */ = {isa = PBXFileReference; lastKnownFileType = sourcecode.swift; path = AppDelegate.swift; sourceTree = "<group>"; };
		31637D631D858C260001F9BD /* ViewController.swift */ = {isa = PBXFileReference; lastKnownFileType = sourcecode.swift; path = ViewController.swift; sourceTree = "<group>"; };
		31637D661D858C260001F9BD /* Base */ = {isa = PBXFileReference; lastKnownFileType = file.storyboard; name = Base; path = Base.lproj/Main.storyboard; sourceTree = "<group>"; };
		31637D681D858C260001F9BD /* Assets.xcassets */ = {isa = PBXFileReference; lastKnownFileType = folder.assetcatalog; path = Assets.xcassets; sourceTree = "<group>"; };
		31637D6B1D858C260001F9BD /* Base */ = {isa = PBXFileReference; lastKnownFileType = file.storyboard; name = Base; path = Base.lproj/LaunchScreen.storyboard; sourceTree = "<group>"; };
		31637D6D1D858C260001F9BD /* Info.plist */ = {isa = PBXFileReference; lastKnownFileType = text.plist.xml; path = Info.plist; sourceTree = "<group>"; };
		31637D721D858C260001F9BD /* otoprotTests.xctest */ = {isa = PBXFileReference; explicitFileType = wrapper.cfbundle; includeInIndex = 0; path = otoprotTests.xctest; sourceTree = BUILT_PRODUCTS_DIR; };
		31637D761D858C260001F9BD /* otoprotTests.swift */ = {isa = PBXFileReference; lastKnownFileType = sourcecode.swift; path = otoprotTests.swift; sourceTree = "<group>"; };
		31637D781D858C260001F9BD /* Info.plist */ = {isa = PBXFileReference; lastKnownFileType = text.plist.xml; path = Info.plist; sourceTree = "<group>"; };
/* End PBXFileReference section */

/* Begin PBXFrameworksBuildPhase section */
		31637D5B1D858C260001F9BD /* Frameworks */ = {
			isa = PBXFrameworksBuildPhase;
			buildActionMask = 2147483647;
			files = (
			);
			runOnlyForDeploymentPostprocessing = 0;
		};
		31637D6F1D858C260001F9BD /* Frameworks */ = {
			isa = PBXFrameworksBuildPhase;
			buildActionMask = 2147483647;
			files = (
			);
			runOnlyForDeploymentPostprocessing = 0;
		};
/* End PBXFrameworksBuildPhase section */

/* Begin PBXGroup section */
		31637D551D858C260001F9BD = {
			isa = PBXGroup;
			children = (
				31637D601D858C260001F9BD /* otoprot */,
				31637D751D858C260001F9BD /* otoprotTests */,
				31637D5F1D858C260001F9BD /* Products */,
			);
			sourceTree = "<group>";
		};
		31637D5F1D858C260001F9BD /* Products */ = {
			isa = PBXGroup;
			children = (
				31637D5E1D858C260001F9BD /* otoprot.app */,
				31637D721D858C260001F9BD /* otoprotTests.xctest */,
			);
			name = Products;
			sourceTree = "<group>";
		};
		31637D601D858C260001F9BD /* otoprot */ = {
			isa = PBXGroup;
			children = (
				31637D611D858C260001F9BD /* AppDelegate.swift */,
				31637D631D858C260001F9BD /* ViewController.swift */,
				31637D651D858C260001F9BD /* Main.storyboard */,
				31637D681D858C260001F9BD /* Assets.xcassets */,
				31637D6A1D858C260001F9BD /* LaunchScreen.storyboard */,
				31637D6D1D858C260001F9BD /* Info.plist */,
			);
			path = otoprot;
			sourceTree = "<group>";
		};
		31637D751D858C260001F9BD /* otoprotTests */ = {
			isa = PBXGroup;
			children = (
				31637D761D858C260001F9BD /* otoprotTests.swift */,
				31637D781D858C260001F9BD /* Info.plist */,
			);
			path = otoprotTests;
			sourceTree = "<group>";
		};
/* End PBXGroup section */

/* Begin PBXNativeTarget section */
		31637D5D1D858C260001F9BD /* otoprot */ = {
			isa = PBXNativeTarget;
			buildConfigurationList = 31637D7B1D858C260001F9BD /* Build configuration list for PBXNativeTarget "otoprot" */;
			buildPhases = (
				31637D5A1D858C260001F9BD /* Sources */,
				31637D5B1D858C260001F9BD /* Frameworks */,
				31637D5C1D858C260001F9BD /* Resources */,
			);
			buildRules = (
			);
			dependencies = (
			);
			name = otoprot;
			productName = otoprot;
			productReference = 31637D5E1D858C260001F9BD /* otoprot.app */;
			productType = "com.apple.product-type.application";
		};
		31637D711D858C260001F9BD /* otoprotTests */ = {
			isa = PBXNativeTarget;
			buildConfigurationList = 31637D7E1D858C260001F9BD /* Build configuration list for PBXNativeTarget "otoprotTests" */;
			buildPhases = (
				31637D6E1D858C260001F9BD /* Sources */,
				31637D6F1D858C260001F9BD /* Frameworks */,
				31637D701D858C260001F9BD /* Resources */,
			);
			buildRules = (
			);
			dependencies = (
				31637D741D858C260001F9BD /* PBXTargetDependency */,
			);
			name = otoprotTests;
			productName = otoprotTests;
			productReference = 31637D721D858C260001F9BD /* otoprotTests.xctest */;
			productType = "com.apple.product-type.bundle.unit-test";
		};
/* End PBXNativeTarget section */

/* Begin PBXProject section */
		31637D561D858C260001F9BD /* Project object */ = {
			isa = PBXProject;
			attributes = {
				LastSwiftUpdateCheck = 0730;
				LastUpgradeCheck = 0730;
				ORGANIZATIONNAME = watari;
				TargetAttributes = {
					31637D5D1D858C260001F9BD = {
						CreatedOnToolsVersion = 7.3.1;
						DevelopmentTeam = 83WZ74758S;
					};
					31637D711D858C260001F9BD = {
						CreatedOnToolsVersion = 7.3.1;
						DevelopmentTeam = 83WZ74758S;
						TestTargetID = 31637D5D1D858C260001F9BD;
					};
				};
			};
			buildConfigurationList = 31637D591D858C260001F9BD /* Build configuration list for PBXProject "otoprot" */;
			compatibilityVersion = "Xcode 3.2";
			developmentRegion = English;
			hasScannedForEncodings = 0;
			knownRegions = (
				en,
				Base,
			);
			mainGroup = 31637D551D858C260001F9BD;
			productRefGroup = 31637D5F1D858C260001F9BD /* Products */;
			projectDirPath = "";
			projectRoot = "";
			targets = (
				31637D5D1D858C260001F9BD /* otoprot */,
				31637D711D858C260001F9BD /* otoprotTests */,
			);
		};
/* End PBXProject section */

/* Begin PBXResourcesBuildPhase section */
		31637D5C1D858C260001F9BD /* Resources */ = {
			isa = PBXResourcesBuildPhase;
			buildActionMask = 2147483647;
			files = (
				31637D6C1D858C260001F9BD /* LaunchScreen.storyboard in Resources */,
				31637D691D858C260001F9BD /* Assets.xcassets in Resources */,
				31637D671D858C260001F9BD /* Main.storyboard in Resources */,
			);
			runOnlyForDeploymentPostprocessing = 0;
		};
		31637D701D858C260001F9BD /* Resources */ = {
			isa = PBXResourcesBuildPhase;
			buildActionMask = 2147483647;
			files = (
			);
			runOnlyForDeploymentPostprocessing = 0;
		};
/* End PBXResourcesBuildPhase section */

/* Begin PBXSourcesBuildPhase section */
		31637D5A1D858C260001F9BD /* Sources */ = {
			isa = PBXSourcesBuildPhase;
			buildActionMask = 2147483647;
			files = (
				31637D641D858C260001F9BD /* ViewController.swift in Sources */,
				31637D621D858C260001F9BD /* AppDelegate.swift in Sources */,
			);
			runOnlyForDeploymentPostprocessing = 0;
		};
		31637D6E1D858C260001F9BD /* Sources */ = {
			isa = PBXSourcesBuildPhase;
			buildActionMask = 2147483647;
			files = (
				31637D771D858C260001F9BD /* otoprotTests.swift in Sources */,
			);
			runOnlyForDeploymentPostprocessing = 0;
		};
/* End PBXSourcesBuildPhase section */

/* Begin PBXTargetDependency section */
		31637D741D858C260001F9BD /* PBXTargetDependency */ = {
			isa = PBXTargetDependency;
			target = 31637D5D1D858C260001F9BD /* otoprot */;
			targetProxy = 31637D731D858C260001F9BD /* PBXContainerItemProxy */;
		};
/* End PBXTargetDependency section */

/* Begin PBXVariantGroup section */
		31637D651D858C260001F9BD /* Main.storyboard */ = {
			isa = PBXVariantGroup;
			children = (
				31637D661D858C260001F9BD /* Base */,
			);
			name = Main.storyboard;
			sourceTree = "<group>";
		};
		31637D6A1D858C260001F9BD /* LaunchScreen.storyboard */ = {
			isa = PBXVariantGroup;
			children = (
				31637D6B1D858C260001F9BD /* Base */,
			);
			name = LaunchScreen.storyboard;
			sourceTree = "<group>";
		};
/* End PBXVariantGroup section */

/* Begin XCBuildConfiguration section */
		31637D791D858C260001F9BD /* Debug */ = {
			isa = XCBuildConfiguration;
			buildSettings = {
				ALWAYS_SEARCH_USER_PATHS = NO;
				CLANG_ANALYZER_NONNULL = YES;
				CLANG_CXX_LANGUAGE_STANDARD = "gnu++0x";
				CLANG_CXX_LIBRARY = "libc++";
				CLANG_ENABLE_MODULES = YES;
				CLANG_ENABLE_OBJC_ARC = YES;
				CLANG_WARN_BOOL_CONVERSION = YES;
				CLANG_WARN_CONSTANT_CONVERSION = YES;
				CLANG_WARN_DIRECT_OBJC_ISA_USAGE = YES_ERROR;
				CLANG_WARN_EMPTY_BODY = YES;
				CLANG_WARN_ENUM_CONVERSION = YES;
				CLANG_WARN_INT_CONVERSION = YES;
				CLANG_WARN_OBJC_ROOT_CLASS = YES_ERROR;
				CLANG_WARN_UNREACHABLE_CODE = YES;
				CLANG_WARN__DUPLICATE_METHOD_MATCH = YES;
				"CODE_SIGN_IDENTITY[sdk=iphoneos*]" = "iPhone Developer";
				COPY_PHASE_STRIP = NO;
				DEBUG_INFORMATION_FORMAT = dwarf;
				ENABLE_STRICT_OBJC_MSGSEND = YES;
				ENABLE_TESTABILITY = YES;
				GCC_C_LANGUAGE_STANDARD = gnu99;
				GCC_DYNAMIC_NO_PIC = NO;
				GCC_NO_COMMON_BLOCKS = YES;
				GCC_OPTIMIZATION_LEVEL = 0;
				GCC_PREPROCESSOR_DEFINITIONS = (
					"DEBUG=1",
					"$(inherited)",
				);
				GCC_WARN_64_TO_32_BIT_CONVERSION = YES;
				GCC_WARN_ABOUT_RETURN_TYPE = YES_ERROR;
				GCC_WARN_UNDECLARED_SELECTOR = YES;
				GCC_WARN_UNINITIALIZED_AUTOS = YES_AGGRESSIVE;
				GCC_WARN_UNUSED_FUNCTION = YES;
				GCC_WARN_UNUSED_VARIABLE = YES;
				IPHONEOS_DEPLOYMENT_TARGET = 9.3;
				MTL_ENABLE_DEBUG_INFO = YES;
				ONLY_ACTIVE_ARCH = YES;
				SDKROOT = iphoneos;
				SWIFT_OPTIMIZATION_LEVEL = "-Onone";
			};
			name = Debug;
		};
		31637D7A1D858C260001F9BD /* Release */ = {
			isa = XCBuildConfiguration;
			buildSettings = {
				ALWAYS_SEARCH_USER_PATHS = NO;
				CLANG_ANALYZER_NONNULL = YES;
				CLANG_CXX_LANGUAGE_STANDARD = "gnu++0x";
				CLANG_CXX_LIBRARY = "libc++";
				CLANG_ENABLE_MODULES = YES;
				CLANG_ENABLE_OBJC_ARC = YES;
				CLANG_WARN_BOOL_CONVERSION = YES;
				CLANG_WARN_CONSTANT_CONVERSION = YES;
				CLANG_WARN_DIRECT_OBJC_ISA_USAGE = YES_ERROR;
				CLANG_WARN_EMPTY_BODY = YES;
				CLANG_WARN_ENUM_CONVERSION = YES;
				CLANG_WARN_INT_CONVERSION = YES;
				CLANG_WARN_OBJC_ROOT_CLASS = YES_ERROR;
				CLANG_WARN_UNREACHABLE_CODE = YES;
				CLANG_WARN__DUPLICATE_METHOD_MATCH = YES;
				"CODE_SIGN_IDENTITY[sdk=iphoneos*]" = "iPhone Developer";
				COPY_PHASE_STRIP = NO;
				DEBUG_INFORMATION_FORMAT = "dwarf-with-dsym";
				ENABLE_NS_ASSERTIONS = NO;
				ENABLE_STRICT_OBJC_MSGSEND = YES;
				GCC_C_LANGUAGE_STANDARD = gnu99;
				GCC_NO_COMMON_BLOCKS = YES;
				GCC_WARN_64_TO_32_BIT_CONVERSION = YES;
				GCC_WARN_ABOUT_RETURN_TYPE = YES_ERROR;
				GCC_WARN_UNDECLARED_SELECTOR = YES;
				GCC_WARN_UNINITIALIZED_AUTOS = YES_AGGRESSIVE;
				GCC_WARN_UNUSED_FUNCTION = YES;
				GCC_WARN_UNUSED_VARIABLE = YES;
				IPHONEOS_DEPLOYMENT_TARGET = 9.3;
				MTL_ENABLE_DEBUG_INFO = NO;
				SDKROOT = iphoneos;
				VALIDATE_PRODUCT = YES;
			};
			name = Release;
		};
		31637D7C1D858C260001F9BD /* Debug */ = {
			isa = XCBuildConfiguration;
			buildSettings = {
				ASSETCATALOG_COMPILER_APPICON_NAME = AppIcon;
				INFOPLIST_FILE = otoprot/Info.plist;
				LD_RUNPATH_SEARCH_PATHS = "$(inherited) @executable_path/Frameworks";
				PRODUCT_BUNDLE_IDENTIFIER = jp.co.watari.otoprot;
				PRODUCT_NAME = "$(TARGET_NAME)";
			};
			name = Debug;
		};
		31637D7D1D858C260001F9BD /* Release */ = {
			isa = XCBuildConfiguration;
			buildSettings = {
				ASSETCATALOG_COMPILER_APPICON_NAME = AppIcon;
				INFOPLIST_FILE = otoprot/Info.plist;
				LD_RUNPATH_SEARCH_PATHS = "$(inherited) @executable_path/Frameworks";
				PRODUCT_BUNDLE_IDENTIFIER = jp.co.watari.otoprot;
				PRODUCT_NAME = "$(TARGET_NAME)";
			};
			name = Release;
		};
		31637D7F1D858C260001F9BD /* Debug */ = {
			isa = XCBuildConfiguration;
			buildSettings = {
				BUNDLE_LOADER = "$(TEST_HOST)";
				INFOPLIST_FILE = otoprotTests/Info.plist;
				LD_RUNPATH_SEARCH_PATHS = "$(inherited) @executable_path/Frameworks @loader_path/Frameworks";
				PRODUCT_BUNDLE_IDENTIFIER = jp.co.watari.otoprotTests;
				PRODUCT_NAME = "$(TARGET_NAME)";
				TEST_HOST = "$(BUILT_PRODUCTS_DIR)/otoprot.app/otoprot";
			};
			name = Debug;
		};
		31637D801D858C260001F9BD /* Release */ = {
			isa = XCBuildConfiguration;
			buildSettings = {
				BUNDLE_LOADER = "$(TEST_HOST)";
				INFOPLIST_FILE = otoprotTests/Info.plist;
				LD_RUNPATH_SEARCH_PATHS = "$(inherited) @executable_path/Frameworks @loader_path/Frameworks";
				PRODUCT_BUNDLE_IDENTIFIER = jp.co.watari.otoprotTests;
				PRODUCT_NAME = "$(TARGET_NAME)";
				TEST_HOST = "$(BUILT_PRODUCTS_DIR)/otoprot.app/otoprot";
			};
			name = Release;
		};
/* End XCBuildConfiguration section */

/* Begin XCConfigurationList section */
		31637D591D858C260001F9BD /* Build configuration list for PBXProject "otoprot" */ = {
			isa = XCConfigurationList;
			buildConfigurations = (
				31637D791D858C260001F9BD /* Debug */,
				31637D7A1D858C260001F9BD /* Release */,
			);
			defaultConfigurationIsVisible = 0;
			defaultConfigurationName = Release;
		};
		31637D7B1D858C260001F9BD /* Build configuration list for PBXNativeTarget "otoprot" */ = {
			isa = XCConfigurationList;
			buildConfigurations = (
				31637D7C1D858C260001F9BD /* Debug */,
				31637D7D1D858C260001F9BD /* Release */,
			);
			defaultConfigurationIsVisible = 0;
		};
		31637D7E1D858C260001F9BD /* Build configuration list for PBXNativeTarget "otoprotTests" */ = {
			isa = XCConfigurationList;
			buildConfigurations = (
				31637D7F1D858C260001F9BD /* Debug */,
				31637D801D858C260001F9BD /* Release */,
			);
			defaultConfigurationIsVisible = 0;
		};
/* End XCConfigurationList section */
	};
	rootObject = 31637D561D858C260001F9BD /* Project object */;
}
