// !$*UTF8*$!
{
	archiveVersion = 1;
	classes = {
	};
	objectVersion = 46;
	objects = {

/* Begin PBXBuildFile section */
		ED04C6C31BFEBDDC004EA32F /* AppDelegate.swift in Sources */ = {isa = PBXBuildFile; fileRef = ED04C6C21BFEBDDC004EA32F /* AppDelegate.swift */; };
		ED04C6C51BFEBDDC004EA32F /* ViewController.swift in Sources */ = {isa = PBXBuildFile; fileRef = ED04C6C41BFEBDDC004EA32F /* ViewController.swift */; };
		ED04C6C81BFEBDDC004EA32F /* Main.storyboard in Resources */ = {isa = PBXBuildFile; fileRef = ED04C6C61BFEBDDC004EA32F /* Main.storyboard */; };
		ED04C6CA1BFEBDDC004EA32F /* Assets.xcassets in Resources */ = {isa = PBXBuildFile; fileRef = ED04C6C91BFEBDDC004EA32F /* Assets.xcassets */; };
		ED04C6CD1BFEBDDC004EA32F /* LaunchScreen.storyboard in Resources */ = {isa = PBXBuildFile; fileRef = ED04C6CB1BFEBDDC004EA32F /* LaunchScreen.storyboard */; };
		ED04C6DA1BFEC222004EA32F /* InfoPlist.strings in Resources */ = {isa = PBXBuildFile; fileRef = ED04C6DC1BFEC222004EA32F /* InfoPlist.strings */; };
		ED04C6DF1BFEC37B004EA32F /* Localizable.strings in Resources */ = {isa = PBXBuildFile; fileRef = ED04C6E11BFEC37B004EA32F /* Localizable.strings */; };
/* End PBXBuildFile section */

/* Begin PBXFileReference section */
		ED04C6BF1BFEBDDC004EA32F /* Localization.app */ = {isa = PBXFileReference; explicitFileType = wrapper.application; includeInIndex = 0; path = Localization.app; sourceTree = BUILT_PRODUCTS_DIR; };
		ED04C6C21BFEBDDC004EA32F /* AppDelegate.swift */ = {isa = PBXFileReference; lastKnownFileType = sourcecode.swift; path = AppDelegate.swift; sourceTree = "<group>"; };
		ED04C6C41BFEBDDC004EA32F /* ViewController.swift */ = {isa = PBXFileReference; lastKnownFileType = sourcecode.swift; path = ViewController.swift; sourceTree = "<group>"; };
		ED04C6C71BFEBDDC004EA32F /* Base */ = {isa = PBXFileReference; lastKnownFileType = file.storyboard; name = Base; path = Base.lproj/Main.storyboard; sourceTree = "<group>"; };
		ED04C6C91BFEBDDC004EA32F /* Assets.xcassets */ = {isa = PBXFileReference; lastKnownFileType = folder.assetcatalog; path = Assets.xcassets; sourceTree = "<group>"; };
		ED04C6CC1BFEBDDC004EA32F /* Base */ = {isa = PBXFileReference; lastKnownFileType = file.storyboard; name = Base; path = Base.lproj/LaunchScreen.storyboard; sourceTree = "<group>"; };
		ED04C6CE1BFEBDDC004EA32F /* Info.plist */ = {isa = PBXFileReference; lastKnownFileType = text.plist.xml; path = Info.plist; sourceTree = "<group>"; };
		ED04C6D61BFEBFA1004EA32F /* ja */ = {isa = PBXFileReference; lastKnownFileType = text.plist.strings; name = ja; path = ja.lproj/Main.strings; sourceTree = "<group>"; };
		ED04C6D71BFEBFA1004EA32F /* ja */ = {isa = PBXFileReference; lastKnownFileType = text.plist.strings; name = ja; path = ja.lproj/LaunchScreen.strings; sourceTree = "<group>"; };
		ED04C6DB1BFEC222004EA32F /* ja */ = {isa = PBXFileReference; lastKnownFileType = text.plist.strings; name = ja; path = ja.lproj/InfoPlist.strings; sourceTree = "<group>"; };
		ED04C6E01BFEC37B004EA32F /* ja */ = {isa = PBXFileReference; lastKnownFileType = text.plist.strings; name = ja; path = ja.lproj/Localizable.strings; sourceTree = "<group>"; };
/* End PBXFileReference section */

/* Begin PBXFrameworksBuildPhase section */
		ED04C6BC1BFEBDDC004EA32F /* Frameworks */ = {
			isa = PBXFrameworksBuildPhase;
			buildActionMask = 2147483647;
			files = (
			);
			runOnlyForDeploymentPostprocessing = 0;
		};
/* End PBXFrameworksBuildPhase section */

/* Begin PBXGroup section */
		ED04C6B61BFEBDDC004EA32F = {
			isa = PBXGroup;
			children = (
				ED04C6C11BFEBDDC004EA32F /* Localization */,
				ED04C6C01BFEBDDC004EA32F /* Products */,
			);
			sourceTree = "<group>";
		};
		ED04C6C01BFEBDDC004EA32F /* Products */ = {
			isa = PBXGroup;
			children = (
				ED04C6BF1BFEBDDC004EA32F /* Localization.app */,
			);
			name = Products;
			sourceTree = "<group>";
		};
		ED04C6C11BFEBDDC004EA32F /* Localization */ = {
			isa = PBXGroup;
			children = (
				ED04C6DC1BFEC222004EA32F /* InfoPlist.strings */,
				ED04C6C21BFEBDDC004EA32F /* AppDelegate.swift */,
				ED04C6C41BFEBDDC004EA32F /* ViewController.swift */,
				ED04C6E11BFEC37B004EA32F /* Localizable.strings */,
				ED04C6C61BFEBDDC004EA32F /* Main.storyboard */,
				ED04C6C91BFEBDDC004EA32F /* Assets.xcassets */,
				ED04C6CB1BFEBDDC004EA32F /* LaunchScreen.storyboard */,
				ED04C6CE1BFEBDDC004EA32F /* Info.plist */,
			);
			path = Localization;
			sourceTree = "<group>";
		};
/* End PBXGroup section */

/* Begin PBXNativeTarget section */
		ED04C6BE1BFEBDDC004EA32F /* Localization */ = {
			isa = PBXNativeTarget;
			buildConfigurationList = ED04C6D11BFEBDDC004EA32F /* Build configuration list for PBXNativeTarget "Localization" */;
			buildPhases = (
				ED04C6BB1BFEBDDC004EA32F /* Sources */,
				ED04C6BC1BFEBDDC004EA32F /* Frameworks */,
				ED04C6BD1BFEBDDC004EA32F /* Resources */,
			);
			buildRules = (
			);
			dependencies = (
			);
			name = Localization;
			productName = Localization;
			productReference = ED04C6BF1BFEBDDC004EA32F /* Localization.app */;
			productType = "com.apple.product-type.application";
		};
/* End PBXNativeTarget section */

/* Begin PBXProject section */
		ED04C6B71BFEBDDC004EA32F /* Project object */ = {
			isa = PBXProject;
			attributes = {
				LastSwiftUpdateCheck = 0710;
				LastUpgradeCheck = 0710;
				ORGANIZATIONNAME = mycompany;
				TargetAttributes = {
					ED04C6BE1BFEBDDC004EA32F = {
						CreatedOnToolsVersion = 7.1.1;
					};
				};
			};
			buildConfigurationList = ED04C6BA1BFEBDDC004EA32F /* Build configuration list for PBXProject "Localization" */;
			compatibilityVersion = "Xcode 3.2";
			developmentRegion = English;
			hasScannedForEncodings = 0;
			knownRegions = (
				en,
				Base,
			);
			mainGroup = ED04C6B61BFEBDDC004EA32F;
			productRefGroup = ED04C6C01BFEBDDC004EA32F /* Products */;
			projectDirPath = "";
			projectRoot = "";
			targets = (
				ED04C6BE1BFEBDDC004EA32F /* Localization */,
			);
		};
/* End PBXProject section */

/* Begin PBXResourcesBuildPhase section */
		ED04C6BD1BFEBDDC004EA32F /* Resources */ = {
			isa = PBXResourcesBuildPhase;
			buildActionMask = 2147483647;
			files = (
				ED04C6DF1BFEC37B004EA32F /* Localizable.strings in Resources */,
				ED04C6CD1BFEBDDC004EA32F /* LaunchScreen.storyboard in Resources */,
				ED04C6DA1BFEC222004EA32F /* InfoPlist.strings in Resources */,
				ED04C6CA1BFEBDDC004EA32F /* Assets.xcassets in Resources */,
				ED04C6C81BFEBDDC004EA32F /* Main.storyboard in Resources */,
			);
			runOnlyForDeploymentPostprocessing = 0;
		};
/* End PBXResourcesBuildPhase section */

/* Begin PBXSourcesBuildPhase section */
		ED04C6BB1BFEBDDC004EA32F /* Sources */ = {
			isa = PBXSourcesBuildPhase;
			buildActionMask = 2147483647;
			files = (
				ED04C6C51BFEBDDC004EA32F /* ViewController.swift in Sources */,
				ED04C6C31BFEBDDC004EA32F /* AppDelegate.swift in Sources */,
			);
			runOnlyForDeploymentPostprocessing = 0;
		};
/* End PBXSourcesBuildPhase section */

/* Begin PBXVariantGroup section */
		ED04C6C61BFEBDDC004EA32F /* Main.storyboard */ = {
			isa = PBXVariantGroup;
			children = (
				ED04C6C71BFEBDDC004EA32F /* Base */,
				ED04C6D61BFEBFA1004EA32F /* ja */,
			);
			name = Main.storyboard;
			sourceTree = "<group>";
		};
		ED04C6CB1BFEBDDC004EA32F /* LaunchScreen.storyboard */ = {
			isa = PBXVariantGroup;
			children = (
				ED04C6CC1BFEBDDC004EA32F /* Base */,
				ED04C6D71BFEBFA1004EA32F /* ja */,
			);
			name = LaunchScreen.storyboard;
			sourceTree = "<group>";
		};
		ED04C6DC1BFEC222004EA32F /* InfoPlist.strings */ = {
			isa = PBXVariantGroup;
			children = (
				ED04C6DB1BFEC222004EA32F /* ja */,
			);
			name = InfoPlist.strings;
			sourceTree = "<group>";
		};
		ED04C6E11BFEC37B004EA32F /* Localizable.strings */ = {
			isa = PBXVariantGroup;
			children = (
				ED04C6E01BFEC37B004EA32F /* ja */,
			);
			name = Localizable.strings;
			sourceTree = "<group>";
		};
/* End PBXVariantGroup section */

/* Begin XCBuildConfiguration section */
		ED04C6CF1BFEBDDC004EA32F /* Debug */ = {
			isa = XCBuildConfiguration;
			buildSettings = {
				ALWAYS_SEARCH_USER_PATHS = NO;
				CLANG_CXX_LANGUAGE_STANDARD = "gnu++0x";
				CLANG_CXX_LIBRARY = "libc++";
				CLANG_ENABLE_MODULES = YES;
				CLANG_ENABLE_OBJC_ARC = YES;
				CLANG_WARN_BOOL_CONVERSION = YES;
				CLANG_WARN_CONSTANT_CONVERSION = YES;
				CLANG_WARN_DIRECT_OBJC_ISA_USAGE = YES_ERROR;
				CLANG_WARN_EMPTY_BODY = YES;
				CLANG_WARN_ENUM_CONVERSION = YES;
				CLANG_WARN_INT_CONVERSION = YES;
				CLANG_WARN_OBJC_ROOT_CLASS = YES_ERROR;
				CLANG_WARN_UNREACHABLE_CODE = YES;
				CLANG_WARN__DUPLICATE_METHOD_MATCH = YES;
				"CODE_SIGN_IDENTITY[sdk=iphoneos*]" = "iPhone Developer";
				COPY_PHASE_STRIP = NO;
				DEBUG_INFORMATION_FORMAT = dwarf;
				ENABLE_STRICT_OBJC_MSGSEND = YES;
				ENABLE_TESTABILITY = YES;
				GCC_C_LANGUAGE_STANDARD = gnu99;
				GCC_DYNAMIC_NO_PIC = NO;
				GCC_NO_COMMON_BLOCKS = YES;
				GCC_OPTIMIZATION_LEVEL = 0;
				GCC_PREPROCESSOR_DEFINITIONS = (
					"DEBUG=1",
					"$(inherited)",
				);
				GCC_WARN_64_TO_32_BIT_CONVERSION = YES;
				GCC_WARN_ABOUT_RETURN_TYPE = YES_ERROR;
				GCC_WARN_UNDECLARED_SELECTOR = YES;
				GCC_WARN_UNINITIALIZED_AUTOS = YES_AGGRESSIVE;
				GCC_WARN_UNUSED_FUNCTION = YES;
				GCC_WARN_UNUSED_VARIABLE = YES;
				IPHONEOS_DEPLOYMENT_TARGET = 9.1;
				MTL_ENABLE_DEBUG_INFO = YES;
				ONLY_ACTIVE_ARCH = YES;
				SDKROOT = iphoneos;
				SWIFT_OPTIMIZATION_LEVEL = "-Onone";
				TARGETED_DEVICE_FAMILY = "1,2";
			};
			name = Debug;
		};
		ED04C6D01BFEBDDC004EA32F /* Release */ = {
			isa = XCBuildConfiguration;
			buildSettings = {
				ALWAYS_SEARCH_USER_PATHS = NO;
				CLANG_CXX_LANGUAGE_STANDARD = "gnu++0x";
				CLANG_CXX_LIBRARY = "libc++";
				CLANG_ENABLE_MODULES = YES;
				CLANG_ENABLE_OBJC_ARC = YES;
				CLANG_WARN_BOOL_CONVERSION = YES;
				CLANG_WARN_CONSTANT_CONVERSION = YES;
				CLANG_WARN_DIRECT_OBJC_ISA_USAGE = YES_ERROR;
				CLANG_WARN_EMPTY_BODY = YES;
				CLANG_WARN_ENUM_CONVERSION = YES;
				CLANG_WARN_INT_CONVERSION = YES;
				CLANG_WARN_OBJC_ROOT_CLASS = YES_ERROR;
				CLANG_WARN_UNREACHABLE_CODE = YES;
				CLANG_WARN__DUPLICATE_METHOD_MATCH = YES;
				"CODE_SIGN_IDENTITY[sdk=iphoneos*]" = "iPhone Developer";
				COPY_PHASE_STRIP = NO;
				DEBUG_INFORMATION_FORMAT = "dwarf-with-dsym";
				ENABLE_NS_ASSERTIONS = NO;
				ENABLE_STRICT_OBJC_MSGSEND = YES;
				GCC_C_LANGUAGE_STANDARD = gnu99;
				GCC_NO_COMMON_BLOCKS = YES;
				GCC_WARN_64_TO_32_BIT_CONVERSION = YES;
				GCC_WARN_ABOUT_RETURN_TYPE = YES_ERROR;
				GCC_WARN_UNDECLARED_SELECTOR = YES;
				GCC_WARN_UNINITIALIZED_AUTOS = YES_AGGRESSIVE;
				GCC_WARN_UNUSED_FUNCTION = YES;
				GCC_WARN_UNUSED_VARIABLE = YES;
				IPHONEOS_DEPLOYMENT_TARGET = 9.1;
				MTL_ENABLE_DEBUG_INFO = NO;
				SDKROOT = iphoneos;
				TARGETED_DEVICE_FAMILY = "1,2";
				VALIDATE_PRODUCT = YES;
			};
			name = Release;
		};
		ED04C6D21BFEBDDC004EA32F /* Debug */ = {
			isa = XCBuildConfiguration;
			buildSettings = {
				ASSETCATALOG_COMPILER_APPICON_NAME = AppIcon;
				INFOPLIST_FILE = Localization/Info.plist;
				LD_RUNPATH_SEARCH_PATHS = "$(inherited) @executable_path/Frameworks";
				PRODUCT_BUNDLE_IDENTIFIER = com.mycompany.Localization;
				PRODUCT_NAME = "$(TARGET_NAME)";
			};
			name = Debug;
		};
		ED04C6D31BFEBDDC004EA32F /* Release */ = {
			isa = XCBuildConfiguration;
			buildSettings = {
				ASSETCATALOG_COMPILER_APPICON_NAME = AppIcon;
				INFOPLIST_FILE = Localization/Info.plist;
				LD_RUNPATH_SEARCH_PATHS = "$(inherited) @executable_path/Frameworks";
				PRODUCT_BUNDLE_IDENTIFIER = com.mycompany.Localization;
				PRODUCT_NAME = "$(TARGET_NAME)";
			};
			name = Release;
		};
/* End XCBuildConfiguration section */

/* Begin XCConfigurationList section */
		ED04C6BA1BFEBDDC004EA32F /* Build configuration list for PBXProject "Localization" */ = {
			isa = XCConfigurationList;
			buildConfigurations = (
				ED04C6CF1BFEBDDC004EA32F /* Debug */,
				ED04C6D01BFEBDDC004EA32F /* Release */,
			);
			defaultConfigurationIsVisible = 0;
			defaultConfigurationName = Release;
		};
		ED04C6D11BFEBDDC004EA32F /* Build configuration list for PBXNativeTarget "Localization" */ = {
			isa = XCConfigurationList;
			buildConfigurations = (
				ED04C6D21BFEBDDC004EA32F /* Debug */,
				ED04C6D31BFEBDDC004EA32F /* Release */,
			);
			defaultConfigurationIsVisible = 0;
			defaultConfigurationName = Release;
		};
/* End XCConfigurationList section */
	};
	rootObject = ED04C6B71BFEBDDC004EA32F /* Project object */;
}
