// !$*UTF8*$!
{
	archiveVersion = 1;
	classes = {
	};
	objectVersion = 46;
	objects = {

/* Begin PBXBuildFile section */
		EDBE13371BD51ED700E67FAA /* AppDelegate.swift in Sources */ = {isa = PBXBuildFile; fileRef = EDBE13361BD51ED700E67FAA /* AppDelegate.swift */; };
		EDBE13391BD51ED700E67FAA /* ViewController.swift in Sources */ = {isa = PBXBuildFile; fileRef = EDBE13381BD51ED700E67FAA /* ViewController.swift */; };
		EDBE133C1BD51ED700E67FAA /* Main.storyboard in Resources */ = {isa = PBXBuildFile; fileRef = EDBE133A1BD51ED700E67FAA /* Main.storyboard */; };
		EDBE133E1BD51ED700E67FAA /* Assets.xcassets in Resources */ = {isa = PBXBuildFile; fileRef = EDBE133D1BD51ED700E67FAA /* Assets.xcassets */; };
		EDBE13411BD51ED700E67FAA /* LaunchScreen.storyboard in Resources */ = {isa = PBXBuildFile; fileRef = EDBE133F1BD51ED700E67FAA /* LaunchScreen.storyboard */; };
		EDBE13491BD51F2000E67FAA /* MapKit.framework in Frameworks */ = {isa = PBXBuildFile; fileRef = EDBE13481BD51F2000E67FAA /* MapKit.framework */; };
/* End PBXBuildFile section */

/* Begin PBXFileReference section */
		EDBE13331BD51ED700E67FAA /* Map.app */ = {isa = PBXFileReference; explicitFileType = wrapper.application; includeInIndex = 0; path = Map.app; sourceTree = BUILT_PRODUCTS_DIR; };
		EDBE13361BD51ED700E67FAA /* AppDelegate.swift */ = {isa = PBXFileReference; lastKnownFileType = sourcecode.swift; path = AppDelegate.swift; sourceTree = "<group>"; };
		EDBE13381BD51ED700E67FAA /* ViewController.swift */ = {isa = PBXFileReference; lastKnownFileType = sourcecode.swift; path = ViewController.swift; sourceTree = "<group>"; };
		EDBE133B1BD51ED700E67FAA /* Base */ = {isa = PBXFileReference; lastKnownFileType = file.storyboard; name = Base; path = Base.lproj/Main.storyboard; sourceTree = "<group>"; };
		EDBE133D1BD51ED700E67FAA /* Assets.xcassets */ = {isa = PBXFileReference; lastKnownFileType = folder.assetcatalog; path = Assets.xcassets; sourceTree = "<group>"; };
		EDBE13401BD51ED700E67FAA /* Base */ = {isa = PBXFileReference; lastKnownFileType = file.storyboard; name = Base; path = Base.lproj/LaunchScreen.storyboard; sourceTree = "<group>"; };
		EDBE13421BD51ED700E67FAA /* Info.plist */ = {isa = PBXFileReference; lastKnownFileType = text.plist.xml; path = Info.plist; sourceTree = "<group>"; };
		EDBE13481BD51F2000E67FAA /* MapKit.framework */ = {isa = PBXFileReference; lastKnownFileType = wrapper.framework; name = MapKit.framework; path = System/Library/Frameworks/MapKit.framework; sourceTree = SDKROOT; };
/* End PBXFileReference section */

/* Begin PBXFrameworksBuildPhase section */
		EDBE13301BD51ED700E67FAA /* Frameworks */ = {
			isa = PBXFrameworksBuildPhase;
			buildActionMask = 2147483647;
			files = (
				EDBE13491BD51F2000E67FAA /* MapKit.framework in Frameworks */,
			);
			runOnlyForDeploymentPostprocessing = 0;
		};
/* End PBXFrameworksBuildPhase section */

/* Begin PBXGroup section */
		EDBE132A1BD51ED700E67FAA = {
			isa = PBXGroup;
			children = (
				EDBE13481BD51F2000E67FAA /* MapKit.framework */,
				EDBE13351BD51ED700E67FAA /* Map */,
				EDBE13341BD51ED700E67FAA /* Products */,
			);
			sourceTree = "<group>";
		};
		EDBE13341BD51ED700E67FAA /* Products */ = {
			isa = PBXGroup;
			children = (
				EDBE13331BD51ED700E67FAA /* Map.app */,
			);
			name = Products;
			sourceTree = "<group>";
		};
		EDBE13351BD51ED700E67FAA /* Map */ = {
			isa = PBXGroup;
			children = (
				EDBE13361BD51ED700E67FAA /* AppDelegate.swift */,
				EDBE13381BD51ED700E67FAA /* ViewController.swift */,
				EDBE133A1BD51ED700E67FAA /* Main.storyboard */,
				EDBE133D1BD51ED700E67FAA /* Assets.xcassets */,
				EDBE133F1BD51ED700E67FAA /* LaunchScreen.storyboard */,
				EDBE13421BD51ED700E67FAA /* Info.plist */,
			);
			path = Map;
			sourceTree = "<group>";
		};
/* End PBXGroup section */

/* Begin PBXNativeTarget section */
		EDBE13321BD51ED700E67FAA /* Map */ = {
			isa = PBXNativeTarget;
			buildConfigurationList = EDBE13451BD51ED700E67FAA /* Build configuration list for PBXNativeTarget "Map" */;
			buildPhases = (
				EDBE132F1BD51ED700E67FAA /* Sources */,
				EDBE13301BD51ED700E67FAA /* Frameworks */,
				EDBE13311BD51ED700E67FAA /* Resources */,
			);
			buildRules = (
			);
			dependencies = (
			);
			name = Map;
			productName = Map;
			productReference = EDBE13331BD51ED700E67FAA /* Map.app */;
			productType = "com.apple.product-type.application";
		};
/* End PBXNativeTarget section */

/* Begin PBXProject section */
		EDBE132B1BD51ED700E67FAA /* Project object */ = {
			isa = PBXProject;
			attributes = {
				LastSwiftUpdateCheck = 0710;
				LastUpgradeCheck = 0710;
				ORGANIZATIONNAME = mycompany;
				TargetAttributes = {
					EDBE13321BD51ED700E67FAA = {
						CreatedOnToolsVersion = 7.1;
					};
				};
			};
			buildConfigurationList = EDBE132E1BD51ED700E67FAA /* Build configuration list for PBXProject "Map" */;
			compatibilityVersion = "Xcode 3.2";
			developmentRegion = English;
			hasScannedForEncodings = 0;
			knownRegions = (
				en,
				Base,
			);
			mainGroup = EDBE132A1BD51ED700E67FAA;
			productRefGroup = EDBE13341BD51ED700E67FAA /* Products */;
			projectDirPath = "";
			projectRoot = "";
			targets = (
				EDBE13321BD51ED700E67FAA /* Map */,
			);
		};
/* End PBXProject section */

/* Begin PBXResourcesBuildPhase section */
		EDBE13311BD51ED700E67FAA /* Resources */ = {
			isa = PBXResourcesBuildPhase;
			buildActionMask = 2147483647;
			files = (
				EDBE13411BD51ED700E67FAA /* LaunchScreen.storyboard in Resources */,
				EDBE133E1BD51ED700E67FAA /* Assets.xcassets in Resources */,
				EDBE133C1BD51ED700E67FAA /* Main.storyboard in Resources */,
			);
			runOnlyForDeploymentPostprocessing = 0;
		};
/* End PBXResourcesBuildPhase section */

/* Begin PBXSourcesBuildPhase section */
		EDBE132F1BD51ED700E67FAA /* Sources */ = {
			isa = PBXSourcesBuildPhase;
			buildActionMask = 2147483647;
			files = (
				EDBE13391BD51ED700E67FAA /* ViewController.swift in Sources */,
				EDBE13371BD51ED700E67FAA /* AppDelegate.swift in Sources */,
			);
			runOnlyForDeploymentPostprocessing = 0;
		};
/* End PBXSourcesBuildPhase section */

/* Begin PBXVariantGroup section */
		EDBE133A1BD51ED700E67FAA /* Main.storyboard */ = {
			isa = PBXVariantGroup;
			children = (
				EDBE133B1BD51ED700E67FAA /* Base */,
			);
			name = Main.storyboard;
			sourceTree = "<group>";
		};
		EDBE133F1BD51ED700E67FAA /* LaunchScreen.storyboard */ = {
			isa = PBXVariantGroup;
			children = (
				EDBE13401BD51ED700E67FAA /* Base */,
			);
			name = LaunchScreen.storyboard;
			sourceTree = "<group>";
		};
/* End PBXVariantGroup section */

/* Begin XCBuildConfiguration section */
		EDBE13431BD51ED700E67FAA /* Debug */ = {
			isa = XCBuildConfiguration;
			buildSettings = {
				ALWAYS_SEARCH_USER_PATHS = NO;
				CLANG_CXX_LANGUAGE_STANDARD = "gnu++0x";
				CLANG_CXX_LIBRARY = "libc++";
				CLANG_ENABLE_MODULES = YES;
				CLANG_ENABLE_OBJC_ARC = YES;
				CLANG_WARN_BOOL_CONVERSION = YES;
				CLANG_WARN_CONSTANT_CONVERSION = YES;
				CLANG_WARN_DIRECT_OBJC_ISA_USAGE = YES_ERROR;
				CLANG_WARN_EMPTY_BODY = YES;
				CLANG_WARN_ENUM_CONVERSION = YES;
				CLANG_WARN_INT_CONVERSION = YES;
				CLANG_WARN_OBJC_ROOT_CLASS = YES_ERROR;
				CLANG_WARN_UNREACHABLE_CODE = YES;
				CLANG_WARN__DUPLICATE_METHOD_MATCH = YES;
				"CODE_SIGN_IDENTITY[sdk=iphoneos*]" = "iPhone Developer";
				COPY_PHASE_STRIP = NO;
				DEBUG_INFORMATION_FORMAT = dwarf;
				ENABLE_STRICT_OBJC_MSGSEND = YES;
				ENABLE_TESTABILITY = YES;
				GCC_C_LANGUAGE_STANDARD = gnu99;
				GCC_DYNAMIC_NO_PIC = NO;
				GCC_NO_COMMON_BLOCKS = YES;
				GCC_OPTIMIZATION_LEVEL = 0;
				GCC_PREPROCESSOR_DEFINITIONS = (
					"DEBUG=1",
					"$(inherited)",
				);
				GCC_WARN_64_TO_32_BIT_CONVERSION = YES;
				GCC_WARN_ABOUT_RETURN_TYPE = YES_ERROR;
				GCC_WARN_UNDECLARED_SELECTOR = YES;
				GCC_WARN_UNINITIALIZED_AUTOS = YES_AGGRESSIVE;
				GCC_WARN_UNUSED_FUNCTION = YES;
				GCC_WARN_UNUSED_VARIABLE = YES;
				IPHONEOS_DEPLOYMENT_TARGET = 9.1;
				MTL_ENABLE_DEBUG_INFO = YES;
				ONLY_ACTIVE_ARCH = YES;
				SDKROOT = iphoneos;
				SWIFT_OPTIMIZATION_LEVEL = "-Onone";
				TARGETED_DEVICE_FAMILY = "1,2";
			};
			name = Debug;
		};
		EDBE13441BD51ED700E67FAA /* Release */ = {
			isa = XCBuildConfiguration;
			buildSettings = {
				ALWAYS_SEARCH_USER_PATHS = NO;
				CLANG_CXX_LANGUAGE_STANDARD = "gnu++0x";
				CLANG_CXX_LIBRARY = "libc++";
				CLANG_ENABLE_MODULES = YES;
				CLANG_ENABLE_OBJC_ARC = YES;
				CLANG_WARN_BOOL_CONVERSION = YES;
				CLANG_WARN_CONSTANT_CONVERSION = YES;
				CLANG_WARN_DIRECT_OBJC_ISA_USAGE = YES_ERROR;
				CLANG_WARN_EMPTY_BODY = YES;
				CLANG_WARN_ENUM_CONVERSION = YES;
				CLANG_WARN_INT_CONVERSION = YES;
				CLANG_WARN_OBJC_ROOT_CLASS = YES_ERROR;
				CLANG_WARN_UNREACHABLE_CODE = YES;
				CLANG_WARN__DUPLICATE_METHOD_MATCH = YES;
				"CODE_SIGN_IDENTITY[sdk=iphoneos*]" = "iPhone Developer";
				COPY_PHASE_STRIP = NO;
				DEBUG_INFORMATION_FORMAT = "dwarf-with-dsym";
				ENABLE_NS_ASSERTIONS = NO;
				ENABLE_STRICT_OBJC_MSGSEND = YES;
				GCC_C_LANGUAGE_STANDARD = gnu99;
				GCC_NO_COMMON_BLOCKS = YES;
				GCC_WARN_64_TO_32_BIT_CONVERSION = YES;
				GCC_WARN_ABOUT_RETURN_TYPE = YES_ERROR;
				GCC_WARN_UNDECLARED_SELECTOR = YES;
				GCC_WARN_UNINITIALIZED_AUTOS = YES_AGGRESSIVE;
				GCC_WARN_UNUSED_FUNCTION = YES;
				GCC_WARN_UNUSED_VARIABLE = YES;
				IPHONEOS_DEPLOYMENT_TARGET = 9.1;
				MTL_ENABLE_DEBUG_INFO = NO;
				SDKROOT = iphoneos;
				TARGETED_DEVICE_FAMILY = "1,2";
				VALIDATE_PRODUCT = YES;
			};
			name = Release;
		};
		EDBE13461BD51ED700E67FAA /* Debug */ = {
			isa = XCBuildConfiguration;
			buildSettings = {
				ASSETCATALOG_COMPILER_APPICON_NAME = AppIcon;
				INFOPLIST_FILE = Map/Info.plist;
				LD_RUNPATH_SEARCH_PATHS = "$(inherited) @executable_path/Frameworks";
				PRODUCT_BUNDLE_IDENTIFIER = com.mycompany.Map;
				PRODUCT_NAME = "$(TARGET_NAME)";
			};
			name = Debug;
		};
		EDBE13471BD51ED700E67FAA /* Release */ = {
			isa = XCBuildConfiguration;
			buildSettings = {
				ASSETCATALOG_COMPILER_APPICON_NAME = AppIcon;
				INFOPLIST_FILE = Map/Info.plist;
				LD_RUNPATH_SEARCH_PATHS = "$(inherited) @executable_path/Frameworks";
				PRODUCT_BUNDLE_IDENTIFIER = com.mycompany.Map;
				PRODUCT_NAME = "$(TARGET_NAME)";
			};
			name = Release;
		};
/* End XCBuildConfiguration section */

/* Begin XCConfigurationList section */
		EDBE132E1BD51ED700E67FAA /* Build configuration list for PBXProject "Map" */ = {
			isa = XCConfigurationList;
			buildConfigurations = (
				EDBE13431BD51ED700E67FAA /* Debug */,
				EDBE13441BD51ED700E67FAA /* Release */,
			);
			defaultConfigurationIsVisible = 0;
			defaultConfigurationName = Release;
		};
		EDBE13451BD51ED700E67FAA /* Build configuration list for PBXNativeTarget "Map" */ = {
			isa = XCConfigurationList;
			buildConfigurations = (
				EDBE13461BD51ED700E67FAA /* Debug */,
				EDBE13471BD51ED700E67FAA /* Release */,
			);
			defaultConfigurationIsVisible = 0;
		};
/* End XCConfigurationList section */
	};
	rootObject = EDBE132B1BD51ED700E67FAA /* Project object */;
}
