// !$*UTF8*$!
{
	archiveVersion = 1;
	classes = {
	};
	objectVersion = 46;
	objects = {

/* Begin PBXBuildFile section */
		ED7E8A5D1BDDBC0100F74920 /* AppDelegate.swift in Sources */ = {isa = PBXBuildFile; fileRef = ED7E8A5C1BDDBC0100F74920 /* AppDelegate.swift */; };
		ED7E8A5F1BDDBC0100F74920 /* ViewController.swift in Sources */ = {isa = PBXBuildFile; fileRef = ED7E8A5E1BDDBC0100F74920 /* ViewController.swift */; };
		ED7E8A621BDDBC0100F74920 /* Main.storyboard in Resources */ = {isa = PBXBuildFile; fileRef = ED7E8A601BDDBC0100F74920 /* Main.storyboard */; };
		ED7E8A641BDDBC0100F74920 /* Assets.xcassets in Resources */ = {isa = PBXBuildFile; fileRef = ED7E8A631BDDBC0100F74920 /* Assets.xcassets */; };
		ED7E8A671BDDBC0100F74920 /* LaunchScreen.storyboard in Resources */ = {isa = PBXBuildFile; fileRef = ED7E8A651BDDBC0100F74920 /* LaunchScreen.storyboard */; };
		ED7E8A6F1BDDBC2000F74920 /* iAd.framework in Frameworks */ = {isa = PBXBuildFile; fileRef = ED7E8A6E1BDDBC2000F74920 /* iAd.framework */; };
/* End PBXBuildFile section */

/* Begin PBXFileReference section */
		ED7E8A591BDDBC0100F74920 /* Ad.app */ = {isa = PBXFileReference; explicitFileType = wrapper.application; includeInIndex = 0; path = Ad.app; sourceTree = BUILT_PRODUCTS_DIR; };
		ED7E8A5C1BDDBC0100F74920 /* AppDelegate.swift */ = {isa = PBXFileReference; lastKnownFileType = sourcecode.swift; path = AppDelegate.swift; sourceTree = "<group>"; };
		ED7E8A5E1BDDBC0100F74920 /* ViewController.swift */ = {isa = PBXFileReference; lastKnownFileType = sourcecode.swift; path = ViewController.swift; sourceTree = "<group>"; };
		ED7E8A611BDDBC0100F74920 /* Base */ = {isa = PBXFileReference; lastKnownFileType = file.storyboard; name = Base; path = Base.lproj/Main.storyboard; sourceTree = "<group>"; };
		ED7E8A631BDDBC0100F74920 /* Assets.xcassets */ = {isa = PBXFileReference; lastKnownFileType = folder.assetcatalog; path = Assets.xcassets; sourceTree = "<group>"; };
		ED7E8A661BDDBC0100F74920 /* Base */ = {isa = PBXFileReference; lastKnownFileType = file.storyboard; name = Base; path = Base.lproj/LaunchScreen.storyboard; sourceTree = "<group>"; };
		ED7E8A681BDDBC0100F74920 /* Info.plist */ = {isa = PBXFileReference; lastKnownFileType = text.plist.xml; path = Info.plist; sourceTree = "<group>"; };
		ED7E8A6E1BDDBC2000F74920 /* iAd.framework */ = {isa = PBXFileReference; lastKnownFileType = wrapper.framework; name = iAd.framework; path = System/Library/Frameworks/iAd.framework; sourceTree = SDKROOT; };
/* End PBXFileReference section */

/* Begin PBXFrameworksBuildPhase section */
		ED7E8A561BDDBC0100F74920 /* Frameworks */ = {
			isa = PBXFrameworksBuildPhase;
			buildActionMask = 2147483647;
			files = (
				ED7E8A6F1BDDBC2000F74920 /* iAd.framework in Frameworks */,
			);
			runOnlyForDeploymentPostprocessing = 0;
		};
/* End PBXFrameworksBuildPhase section */

/* Begin PBXGroup section */
		ED7E8A501BDDBC0100F74920 = {
			isa = PBXGroup;
			children = (
				ED7E8A6E1BDDBC2000F74920 /* iAd.framework */,
				ED7E8A5B1BDDBC0100F74920 /* Ad */,
				ED7E8A5A1BDDBC0100F74920 /* Products */,
			);
			sourceTree = "<group>";
		};
		ED7E8A5A1BDDBC0100F74920 /* Products */ = {
			isa = PBXGroup;
			children = (
				ED7E8A591BDDBC0100F74920 /* Ad.app */,
			);
			name = Products;
			sourceTree = "<group>";
		};
		ED7E8A5B1BDDBC0100F74920 /* Ad */ = {
			isa = PBXGroup;
			children = (
				ED7E8A5C1BDDBC0100F74920 /* AppDelegate.swift */,
				ED7E8A5E1BDDBC0100F74920 /* ViewController.swift */,
				ED7E8A601BDDBC0100F74920 /* Main.storyboard */,
				ED7E8A631BDDBC0100F74920 /* Assets.xcassets */,
				ED7E8A651BDDBC0100F74920 /* LaunchScreen.storyboard */,
				ED7E8A681BDDBC0100F74920 /* Info.plist */,
			);
			path = Ad;
			sourceTree = "<group>";
		};
/* End PBXGroup section */

/* Begin PBXNativeTarget section */
		ED7E8A581BDDBC0100F74920 /* Ad */ = {
			isa = PBXNativeTarget;
			buildConfigurationList = ED7E8A6B1BDDBC0100F74920 /* Build configuration list for PBXNativeTarget "Ad" */;
			buildPhases = (
				ED7E8A551BDDBC0100F74920 /* Sources */,
				ED7E8A561BDDBC0100F74920 /* Frameworks */,
				ED7E8A571BDDBC0100F74920 /* Resources */,
			);
			buildRules = (
			);
			dependencies = (
			);
			name = Ad;
			productName = Ad;
			productReference = ED7E8A591BDDBC0100F74920 /* Ad.app */;
			productType = "com.apple.product-type.application";
		};
/* End PBXNativeTarget section */

/* Begin PBXProject section */
		ED7E8A511BDDBC0100F74920 /* Project object */ = {
			isa = PBXProject;
			attributes = {
				LastSwiftUpdateCheck = 0710;
				LastUpgradeCheck = 0710;
				ORGANIZATIONNAME = mycompany;
				TargetAttributes = {
					ED7E8A581BDDBC0100F74920 = {
						CreatedOnToolsVersion = 7.1;
					};
				};
			};
			buildConfigurationList = ED7E8A541BDDBC0100F74920 /* Build configuration list for PBXProject "Ad" */;
			compatibilityVersion = "Xcode 3.2";
			developmentRegion = English;
			hasScannedForEncodings = 0;
			knownRegions = (
				en,
				Base,
			);
			mainGroup = ED7E8A501BDDBC0100F74920;
			productRefGroup = ED7E8A5A1BDDBC0100F74920 /* Products */;
			projectDirPath = "";
			projectRoot = "";
			targets = (
				ED7E8A581BDDBC0100F74920 /* Ad */,
			);
		};
/* End PBXProject section */

/* Begin PBXResourcesBuildPhase section */
		ED7E8A571BDDBC0100F74920 /* Resources */ = {
			isa = PBXResourcesBuildPhase;
			buildActionMask = 2147483647;
			files = (
				ED7E8A671BDDBC0100F74920 /* LaunchScreen.storyboard in Resources */,
				ED7E8A641BDDBC0100F74920 /* Assets.xcassets in Resources */,
				ED7E8A621BDDBC0100F74920 /* Main.storyboard in Resources */,
			);
			runOnlyForDeploymentPostprocessing = 0;
		};
/* End PBXResourcesBuildPhase section */

/* Begin PBXSourcesBuildPhase section */
		ED7E8A551BDDBC0100F74920 /* Sources */ = {
			isa = PBXSourcesBuildPhase;
			buildActionMask = 2147483647;
			files = (
				ED7E8A5F1BDDBC0100F74920 /* ViewController.swift in Sources */,
				ED7E8A5D1BDDBC0100F74920 /* AppDelegate.swift in Sources */,
			);
			runOnlyForDeploymentPostprocessing = 0;
		};
/* End PBXSourcesBuildPhase section */

/* Begin PBXVariantGroup section */
		ED7E8A601BDDBC0100F74920 /* Main.storyboard */ = {
			isa = PBXVariantGroup;
			children = (
				ED7E8A611BDDBC0100F74920 /* Base */,
			);
			name = Main.storyboard;
			sourceTree = "<group>";
		};
		ED7E8A651BDDBC0100F74920 /* LaunchScreen.storyboard */ = {
			isa = PBXVariantGroup;
			children = (
				ED7E8A661BDDBC0100F74920 /* Base */,
			);
			name = LaunchScreen.storyboard;
			sourceTree = "<group>";
		};
/* End PBXVariantGroup section */

/* Begin XCBuildConfiguration section */
		ED7E8A691BDDBC0100F74920 /* Debug */ = {
			isa = XCBuildConfiguration;
			buildSettings = {
				ALWAYS_SEARCH_USER_PATHS = NO;
				CLANG_CXX_LANGUAGE_STANDARD = "gnu++0x";
				CLANG_CXX_LIBRARY = "libc++";
				CLANG_ENABLE_MODULES = YES;
				CLANG_ENABLE_OBJC_ARC = YES;
				CLANG_WARN_BOOL_CONVERSION = YES;
				CLANG_WARN_CONSTANT_CONVERSION = YES;
				CLANG_WARN_DIRECT_OBJC_ISA_USAGE = YES_ERROR;
				CLANG_WARN_EMPTY_BODY = YES;
				CLANG_WARN_ENUM_CONVERSION = YES;
				CLANG_WARN_INT_CONVERSION = YES;
				CLANG_WARN_OBJC_ROOT_CLASS = YES_ERROR;
				CLANG_WARN_UNREACHABLE_CODE = YES;
				CLANG_WARN__DUPLICATE_METHOD_MATCH = YES;
				"CODE_SIGN_IDENTITY[sdk=iphoneos*]" = "iPhone Developer";
				COPY_PHASE_STRIP = NO;
				DEBUG_INFORMATION_FORMAT = dwarf;
				ENABLE_STRICT_OBJC_MSGSEND = YES;
				ENABLE_TESTABILITY = YES;
				GCC_C_LANGUAGE_STANDARD = gnu99;
				GCC_DYNAMIC_NO_PIC = NO;
				GCC_NO_COMMON_BLOCKS = YES;
				GCC_OPTIMIZATION_LEVEL = 0;
				GCC_PREPROCESSOR_DEFINITIONS = (
					"DEBUG=1",
					"$(inherited)",
				);
				GCC_WARN_64_TO_32_BIT_CONVERSION = YES;
				GCC_WARN_ABOUT_RETURN_TYPE = YES_ERROR;
				GCC_WARN_UNDECLARED_SELECTOR = YES;
				GCC_WARN_UNINITIALIZED_AUTOS = YES_AGGRESSIVE;
				GCC_WARN_UNUSED_FUNCTION = YES;
				GCC_WARN_UNUSED_VARIABLE = YES;
				IPHONEOS_DEPLOYMENT_TARGET = 9.1;
				MTL_ENABLE_DEBUG_INFO = YES;
				ONLY_ACTIVE_ARCH = YES;
				SDKROOT = iphoneos;
				SWIFT_OPTIMIZATION_LEVEL = "-Onone";
				TARGETED_DEVICE_FAMILY = "1,2";
			};
			name = Debug;
		};
		ED7E8A6A1BDDBC0100F74920 /* Release */ = {
			isa = XCBuildConfiguration;
			buildSettings = {
				ALWAYS_SEARCH_USER_PATHS = NO;
				CLANG_CXX_LANGUAGE_STANDARD = "gnu++0x";
				CLANG_CXX_LIBRARY = "libc++";
				CLANG_ENABLE_MODULES = YES;
				CLANG_ENABLE_OBJC_ARC = YES;
				CLANG_WARN_BOOL_CONVERSION = YES;
				CLANG_WARN_CONSTANT_CONVERSION = YES;
				CLANG_WARN_DIRECT_OBJC_ISA_USAGE = YES_ERROR;
				CLANG_WARN_EMPTY_BODY = YES;
				CLANG_WARN_ENUM_CONVERSION = YES;
				CLANG_WARN_INT_CONVERSION = YES;
				CLANG_WARN_OBJC_ROOT_CLASS = YES_ERROR;
				CLANG_WARN_UNREACHABLE_CODE = YES;
				CLANG_WARN__DUPLICATE_METHOD_MATCH = YES;
				"CODE_SIGN_IDENTITY[sdk=iphoneos*]" = "iPhone Developer";
				COPY_PHASE_STRIP = NO;
				DEBUG_INFORMATION_FORMAT = "dwarf-with-dsym";
				ENABLE_NS_ASSERTIONS = NO;
				ENABLE_STRICT_OBJC_MSGSEND = YES;
				GCC_C_LANGUAGE_STANDARD = gnu99;
				GCC_NO_COMMON_BLOCKS = YES;
				GCC_WARN_64_TO_32_BIT_CONVERSION = YES;
				GCC_WARN_ABOUT_RETURN_TYPE = YES_ERROR;
				GCC_WARN_UNDECLARED_SELECTOR = YES;
				GCC_WARN_UNINITIALIZED_AUTOS = YES_AGGRESSIVE;
				GCC_WARN_UNUSED_FUNCTION = YES;
				GCC_WARN_UNUSED_VARIABLE = YES;
				IPHONEOS_DEPLOYMENT_TARGET = 9.1;
				MTL_ENABLE_DEBUG_INFO = NO;
				SDKROOT = iphoneos;
				TARGETED_DEVICE_FAMILY = "1,2";
				VALIDATE_PRODUCT = YES;
			};
			name = Release;
		};
		ED7E8A6C1BDDBC0100F74920 /* Debug */ = {
			isa = XCBuildConfiguration;
			buildSettings = {
				ASSETCATALOG_COMPILER_APPICON_NAME = AppIcon;
				INFOPLIST_FILE = Ad/Info.plist;
				LD_RUNPATH_SEARCH_PATHS = "$(inherited) @executable_path/Frameworks";
				PRODUCT_BUNDLE_IDENTIFIER = com.mycompany.Ad;
				PRODUCT_NAME = "$(TARGET_NAME)";
			};
			name = Debug;
		};
		ED7E8A6D1BDDBC0100F74920 /* Release */ = {
			isa = XCBuildConfiguration;
			buildSettings = {
				ASSETCATALOG_COMPILER_APPICON_NAME = AppIcon;
				INFOPLIST_FILE = Ad/Info.plist;
				LD_RUNPATH_SEARCH_PATHS = "$(inherited) @executable_path/Frameworks";
				PRODUCT_BUNDLE_IDENTIFIER = com.mycompany.Ad;
				PRODUCT_NAME = "$(TARGET_NAME)";
			};
			name = Release;
		};
/* End XCBuildConfiguration section */

/* Begin XCConfigurationList section */
		ED7E8A541BDDBC0100F74920 /* Build configuration list for PBXProject "Ad" */ = {
			isa = XCConfigurationList;
			buildConfigurations = (
				ED7E8A691BDDBC0100F74920 /* Debug */,
				ED7E8A6A1BDDBC0100F74920 /* Release */,
			);
			defaultConfigurationIsVisible = 0;
			defaultConfigurationName = Release;
		};
		ED7E8A6B1BDDBC0100F74920 /* Build configuration list for PBXNativeTarget "Ad" */ = {
			isa = XCConfigurationList;
			buildConfigurations = (
				ED7E8A6C1BDDBC0100F74920 /* Debug */,
				ED7E8A6D1BDDBC0100F74920 /* Release */,
			);
			defaultConfigurationIsVisible = 0;
		};
/* End XCConfigurationList section */
	};
	rootObject = ED7E8A511BDDBC0100F74920 /* Project object */;
}
